github.com/vd09/gr-variable v0.0.0-20240504203947-fc87f7e6d33c h1:x8XCEL+o2J4t4r1m1QKWfr9x/F9JCWg22Es9z9qNZ/k=
github.com/vd09/gr-variable v0.0.0-20240504203947-fc87f7e6d33c/go.mod h1:g5yh9XmWgxRaT7YJC2BckAKrARBcIEkUSJPAPfAhMEo=
github.com/vd09/gr-variable v0.0.0-20240504213343-9172320d3243 h1:DXQSX62huzXwWd+RZ31ptWX29EU9Mc2QE5BZ418y6/Y=
github.com/vd09/gr-variable v0.0.0-20240504213343-9172320d3243/go.mod h1:g5yh9XmWgxRaT7YJC2BckAKrARBcIEkUSJPAPfAhMEo=
github.com/vd09/gr-variable v0.0.0-20240505213543-579df24f059a h1:6uRDHw7tlxgIrx9VgvgYvCPywf9ibFqwCz7H/Jgjw50=
github.com/vd09/gr-variable v0.0.0-20240505213543-579df24f059a/go.mod h1:g5yh9XmWgxRaT7YJC2BckAKrARBcIEkUSJPAPfAhMEo=
